
Microsoft Visual Studio Solution File, Format Version 12.00
# Visual Studio 15
VisualStudioVersion = 15.0.27004.2002
MinimumVisualStudioVersion = 10.0.40219.1
Project("{FAE04EC0-301F-11D3-BF4B-00C04F79EFBC}") = "noskhe_drugstore_app", "noskhe_drugstore_app\noskhe_drugstore_app.csproj", "{799D1DDF-87A3-4DBD-BA41-9DF40702A476}"
EndProject
Global
	GlobalSection(SolutionConfigurationPlatforms) = preSolution
		Debug|Any CPU = Debug|Any CPU
		Release|Any CPU = Release|Any CPU
	EndGlobalSection
	GlobalSection(ProjectConfigurationPlatforms) = postSolution
		{799D1DDF-87A3-4DBD-BA41-9DF40702A476}.Debug|Any CPU.ActiveCfg = Debug|Any CPU
		{799D1DDF-87A3-4DBD-BA41-9DF40702A476}.Debug|Any CPU.Build.0 = Debug|Any CPU
		{799D1DDF-87A3-4DBD-BA41-9DF40702A476}.Release|Any CPU.ActiveCfg = Release|Any CPU
		{799D1DDF-87A3-4DBD-BA41-9DF40702A476}.Release|Any CPU.Build.0 = Release|Any CPU
	EndGlobalSection
	GlobalSection(SolutionProperties) = preSolution
		HideSolutionNode = FALSE
	EndGlobalSection
	GlobalSection(ExtensibilityGlobals) = postSolution
		SolutionGuid = {6E8219FE-7765-41DF-AE36-A8F1DD2A0731}
	EndGlobalSection
EndGlobal
